{
    "name": "inprotech-batcheventupdate",
    "version": "1.0.0",
    "lockfileVersion": 1,
    "requires": true,
    "dependencies": {
        "bootstrap": {
            "version": "3.4.1",
            "resolved": "https://registry.npmjs.org/bootstrap/-/bootstrap-3.4.1.tgz",
            "integrity": "sha512-yN5oZVmRCwe5aKwzRj6736nSmKDX7pLYwsXiCj/EYmo16hODaBiT4En5btW/jhBF/seV+XMx3aYwukYC3A49DA=="
        },
        "jquery": {
            "version": "3.4.1",
            "resolved": "https://registry.npmjs.org/jquery/-/jquery-3.4.1.tgz",
            "integrity": "sha512-36+AdBzCL+y6qjw5Tx7HgzeGCzC81MDDgaUP8ld2zhx58HdqXGoBd+tHdrBMiyjGQs0Hxs/MLZTu/eHNJJuWPw=="
        },
        "jquery-ajax-unobtrusive": {
            "version": "3.2.6",
            "resolved": "https://registry.npmjs.org/jquery-ajax-unobtrusive/-/jquery-ajax-unobtrusive-3.2.6.tgz",
            "integrity": "sha512-95pv3c2Fo94qqzI3nBYFhcnwYlz673jutDa5yvADHv9KnWqQOoE8kZVV+nBASSBZF75XnGBl4EfPzOWFw2i9wQ==",
            "requires": {
                "jquery": ">=1.8"
            }
        },
        "jquery-ui-dist": {
            "version": "1.12.1",
            "resolved": "https://registry.npmjs.org/jquery-ui-dist/-/jquery-ui-dist-1.12.1.tgz",
            "integrity": "sha1-XAgV08xvkP9fqvWyaKbiO0ypBPo="
        },
        "jquery-validation": {
            "version": "1.19.3",
            "resolved": "https://registry.npmjs.org/jquery-validation/-/jquery-validation-1.19.3.tgz",
            "integrity": "sha512-iXxCS5W7STthSTMFX/NDZfWHBLbJ1behVK3eAgHXAV8/0vRa9M4tiqHvJMr39VGWHMGdlkhrtrkBuaL2UlE8yw=="
        },
        "jquery-validation-unobtrusive": {
            "version": "3.2.6",
            "resolved": "http://registry.npmjs.org/jquery-validation-unobtrusive/-/jquery-validation-unobtrusive-3.2.6.tgz",
            "integrity": "sha1-D4dnxUYuMLSldD0SRh6AV9p1cuU=",
            "requires": {
                "jquery": ">=1.8",
                "jquery-validation": ">=1.8"
            }
        },
        "knockout": {
            "version": "3.5.1",
            "resolved": "https://registry.npmjs.org/knockout/-/knockout-3.5.1.tgz",
            "integrity": "sha512-wRJ9I4az0QcsH7A4v4l0enUpkS++MBx0BnL/68KaLzJg7x1qmbjSlwEoCNol7KTYZ+pmtI7Eh2J0Nu6/2Z5J/Q=="
        },
        "knockout-mapping": {
            "version": "2.6.0",
            "resolved": "https://registry.npmjs.org/knockout-mapping/-/knockout-mapping-2.6.0.tgz",
            "integrity": "sha1-BSdZ0B7PMNSUfo6+ZK0sgpM/Bv8="
        },
        "knockout-postbox": {
            "version": "0.6.0",
            "resolved": "https://registry.npmjs.org/knockout-postbox/-/knockout-postbox-0.6.0.tgz",
            "integrity": "sha1-01yE2BK+2GqA0MBpdJEJ/v30Nqc="
        },
        "underscore": {
            "version": "1.13.2",
            "resolved": "https://registry.npmjs.org/underscore/-/underscore-1.13.2.tgz",
            "integrity": "sha512-ekY1NhRzq0B08g4bGuX4wd2jZx5GnKz6mKSqFL4nqBlfyMGiG10gDFhDTMEfYmDL6Jy0FUIZp7wiRB+0BP7J2g=="
        }
    }
}
